
Microsoft Visual Studio Solution File, Format Version 12.00
# Visual Studio 15
Project("{FAE04EC0-301F-11D3-BF4B-00C04F79EFBC}") = "Unity.Timeline", "Unity.Timeline.csproj", "{FB6D20FB-7EEE-D38C-7565-BC41FBE5CAFE}"
EndProject
Project("{FAE04EC0-301F-11D3-BF4B-00C04F79EFBC}") = "Unity.ShaderGraph.Editor", "Unity.ShaderGraph.Editor.csproj", "{DEE3ED04-A695-3F7C-A7A9-72CB63F81ED3}"
EndProject
Project("{FAE04EC0-301F-11D3-BF4B-00C04F79EFBC}") = "Unity.PlasticSCM.Editor", "Unity.PlasticSCM.Editor.csproj", "{9B7F3087-5D1D-C551-49F6-A8D4222A6ED2}"
EndProject
Project("{FAE04EC0-301F-11D3-BF4B-00C04F79EFBC}") = "Unity.2D.Aseprite.Editor", "Unity.2D.Aseprite.Editor.csproj", "{5795EF85-044E-F6AE-33A3-6A56E0112864}"
EndProject
Project("{FAE04EC0-301F-11D3-BF4B-00C04F79EFBC}") = "Unity.VisualScripting.Flow", "Unity.VisualScripting.Flow.csproj", "{38833DB0-AB3E-3258-08AC-22F3A2012D8D}"
EndProject
Project("{FAE04EC0-301F-11D3-BF4B-00C04F79EFBC}") = "Unity.RenderPipelines.Universal.Runtime", "Unity.RenderPipelines.Universal.Runtime.csproj", "{11912421-7067-D8C8-D710-0261166E9BFD}"
EndProject
Project("{FAE04EC0-301F-11D3-BF4B-00C04F79EFBC}") = "UnityEditor.UI", "UnityEditor.UI.csproj", "{E68D7963-C77E-1404-5276-2C0E117041D3}"
EndProject
Project("{FAE04EC0-301F-11D3-BF4B-00C04F79EFBC}") = "Unity.Timeline.Editor", "Unity.Timeline.Editor.csproj", "{645B60C6-B9BF-FFB5-7ABE-224F4DD2326A}"
EndProject
Project("{FAE04EC0-301F-11D3-BF4B-00C04F79EFBC}") = "Unity.RenderPipelines.Core.Runtime", "Unity.RenderPipelines.Core.Runtime.csproj", "{B865707C-3665-5AAF-CC2B-5FD6709DA692}"
EndProject
Project("{FAE04EC0-301F-11D3-BF4B-00C04F79EFBC}") = "Unity.Mathematics", "Unity.Mathematics.csproj", "{F1830243-6742-3BA2-7B17-33F0B6E03528}"
EndProject
Project("{FAE04EC0-301F-11D3-BF4B-00C04F79EFBC}") = "Unity.RenderPipelines.Core.Editor", "Unity.RenderPipelines.Core.Editor.csproj", "{EDB9E6D4-C610-0152-CEE6-F91F9EE25EC5}"
EndProject
Project("{FAE04EC0-301F-11D3-BF4B-00C04F79EFBC}") = "Unity.2D.Common.Path.Editor", "Unity.2D.Common.Path.Editor.csproj", "{A6A46BDE-DF84-47EB-D71A-1F2D7C74A60B}"
EndProject
Project("{FAE04EC0-301F-11D3-BF4B-00C04F79EFBC}") = "Unity.2D.Psdimporter.Editor", "Unity.2D.Psdimporter.Editor.csproj", "{F7CBAC92-5C75-53EF-176E-6035E9226B64}"
EndProject
Project("{FAE04EC0-301F-11D3-BF4B-00C04F79EFBC}") = "Unity.VisualScripting.Core.Editor", "Unity.VisualScripting.Core.Editor.csproj", "{01AB1BCC-89FC-677E-30DD-E3244214461F}"
EndProject
Project("{FAE04EC0-301F-11D3-BF4B-00C04F79EFBC}") = "Unity.2D.IK.Runtime", "Unity.2D.IK.Runtime.csproj", "{B9222399-D18D-4DF2-E4C0-0E466BFF44C8}"
EndProject
Project("{FAE04EC0-301F-11D3-BF4B-00C04F79EFBC}") = "UnityEditor.TestRunner", "UnityEditor.TestRunner.csproj", "{5030CA39-02E7-CD00-7324-DEAC50FB1EFB}"
EndProject
Project("{FAE04EC0-301F-11D3-BF4B-00C04F79EFBC}") = "Unity.RenderPipelines.Universal.Editor", "Unity.RenderPipelines.Universal.Editor.csproj", "{FAA7161D-0205-31E5-64E6-5751C63FAF75}"
EndProject
Project("{FAE04EC0-301F-11D3-BF4B-00C04F79EFBC}") = "Unity.TextMeshPro.Editor", "Unity.TextMeshPro.Editor.csproj", "{1FD7309E-96C4-9B90-D862-55CCC7959DFE}"
EndProject
Project("{FAE04EC0-301F-11D3-BF4B-00C04F79EFBC}") = "Unity.VisualScripting.Flow.Editor", "Unity.VisualScripting.Flow.Editor.csproj", "{286D35B2-43EE-5287-3507-68213007F7A5}"
EndProject
Project("{FAE04EC0-301F-11D3-BF4B-00C04F79EFBC}") = "UnityEngine.TestRunner", "UnityEngine.TestRunner.csproj", "{EC5D0F2D-E9DC-5ECE-3D8F-CCB838053002}"
EndProject
Project("{FAE04EC0-301F-11D3-BF4B-00C04F79EFBC}") = "Unity.VisualScripting.Core", "Unity.VisualScripting.Core.csproj", "{8D546B0E-A66A-CD7C-E2D4-9A9CC805F216}"
EndProject
Project("{FAE04EC0-301F-11D3-BF4B-00C04F79EFBC}") = "Unity.2D.Tilemap.Editor", "Unity.2D.Tilemap.Editor.csproj", "{7970521D-33F8-70E7-31A4-90ED6D518524}"
EndProject
Project("{FAE04EC0-301F-11D3-BF4B-00C04F79EFBC}") = "Unity.Searcher.Editor", "Unity.Searcher.Editor.csproj", "{B00EEB4D-8BA9-E840-0D25-420D339210B4}"
EndProject
Project("{FAE04EC0-301F-11D3-BF4B-00C04F79EFBC}") = "Unity.Burst", "Unity.Burst.csproj", "{852F8620-7374-6E7C-5465-23209659A262}"
EndProject
Project("{FAE04EC0-301F-11D3-BF4B-00C04F79EFBC}") = "PsdPlugin", "PsdPlugin.csproj", "{EE007F60-DCAE-6751-A097-DADE4349904B}"
EndProject
Project("{FAE04EC0-301F-11D3-BF4B-00C04F79EFBC}") = "Unity.Collections", "Unity.Collections.csproj", "{94A291B0-1D17-FAFB-9FBC-C7ED10FE1B8F}"
EndProject
Project("{FAE04EC0-301F-11D3-BF4B-00C04F79EFBC}") = "Unity.2D.Animation.Editor", "Unity.2D.Animation.Editor.csproj", "{57306F34-B506-0A74-32E5-447ED2B2DD5A}"
EndProject
Project("{FAE04EC0-301F-11D3-BF4B-00C04F79EFBC}") = "Unity.2D.SpriteShape.Editor", "Unity.2D.SpriteShape.Editor.csproj", "{4FA7709E-3FED-8E44-73C8-EB6B2912D7FF}"
EndProject
Project("{FAE04EC0-301F-11D3-BF4B-00C04F79EFBC}") = "Unity.VisualStudio.Editor", "Unity.VisualStudio.Editor.csproj", "{B3EED7F3-861E-4E09-5F21-951F7DAEB9EE}"
EndProject
Project("{FAE04EC0-301F-11D3-BF4B-00C04F79EFBC}") = "PPv2URPConverters", "PPv2URPConverters.csproj", "{88F5F6E5-DA87-B3FC-A3FE-B79B18CE979F}"
EndProject
Project("{FAE04EC0-301F-11D3-BF4B-00C04F79EFBC}") = "Unity.Rider.Editor", "Unity.Rider.Editor.csproj", "{B2FB5352-5890-159E-0DAB-C1A123AF8408}"
EndProject
Project("{FAE04EC0-301F-11D3-BF4B-00C04F79EFBC}") = "Unity.InternalAPIEditorBridge.001", "Unity.InternalAPIEditorBridge.001.csproj", "{E09E15F6-484C-6AFB-1B46-198D2E7518CC}"
EndProject
Project("{FAE04EC0-301F-11D3-BF4B-00C04F79EFBC}") = "Unity.2D.SpriteShape.Runtime", "Unity.2D.SpriteShape.Runtime.csproj", "{FE1DCBF5-F18E-C9ED-D44F-66343934C712}"
EndProject
Project("{FAE04EC0-301F-11D3-BF4B-00C04F79EFBC}") = "Unity.CollabProxy.Editor", "Unity.CollabProxy.Editor.csproj", "{E1A5444C-A489-B7F1-A99E-30461F2818D9}"
EndProject
Project("{FAE04EC0-301F-11D3-BF4B-00C04F79EFBC}") = "Unity.VisualScripting.State.Editor", "Unity.VisualScripting.State.Editor.csproj", "{1233BE74-B73C-8B1E-2F3B-9E58DCD9904A}"
EndProject
Project("{FAE04EC0-301F-11D3-BF4B-00C04F79EFBC}") = "UnityEngine.UI", "UnityEngine.UI.csproj", "{18AE8C31-B5D0-0FBD-9B56-47071EB5222A}"
EndProject
Project("{FAE04EC0-301F-11D3-BF4B-00C04F79EFBC}") = "Unity.Burst.CodeGen", "Unity.Burst.CodeGen.csproj", "{5DEE2234-518E-53E6-1558-DB6B63BC7256}"
EndProject
Project("{FAE04EC0-301F-11D3-BF4B-00C04F79EFBC}") = "Unity.RenderPipeline.Universal.ShaderLibrary", "Unity.RenderPipeline.Universal.ShaderLibrary.csproj", "{EC9EBF17-F123-0D29-3227-70B7B5AA7153}"
EndProject
Project("{FAE04EC0-301F-11D3-BF4B-00C04F79EFBC}") = "Unity.VisualScripting.State", "Unity.VisualScripting.State.csproj", "{BAF64C02-700D-9409-1499-B37F5182C92F}"
EndProject
Project("{FAE04EC0-301F-11D3-BF4B-00C04F79EFBC}") = "Unity.TextMeshPro", "Unity.TextMeshPro.csproj", "{77B46F73-2876-2853-A746-55BBFD99AA7C}"
EndProject
Project("{FAE04EC0-301F-11D3-BF4B-00C04F79EFBC}") = "Unity.2D.Tilemap.Extras.Editor", "Unity.2D.Tilemap.Extras.Editor.csproj", "{CB0931A9-61EC-E866-75A4-C78885C11E5C}"
EndProject
Project("{FAE04EC0-301F-11D3-BF4B-00C04F79EFBC}") = "Foundation.Runtime", "Foundation.Runtime.csproj", "{F17233D1-D536-99BB-2240-3F4CEA10A046}"
EndProject
Project("{FAE04EC0-301F-11D3-BF4B-00C04F79EFBC}") = "Unity.2D.Animation.Runtime", "Unity.2D.Animation.Runtime.csproj", "{C3FE8766-0917-894F-B6F1-7C20B3377DE3}"
EndProject
Project("{FAE04EC0-301F-11D3-BF4B-00C04F79EFBC}") = "Unity.VisualScripting.SettingsProvider.Editor", "Unity.VisualScripting.SettingsProvider.Editor.csproj", "{240CAA12-F7DE-FDF0-FF8D-85430BAB319D}"
EndProject
Project("{FAE04EC0-301F-11D3-BF4B-00C04F79EFBC}") = "Unity.2D.IK.Editor", "Unity.2D.IK.Editor.csproj", "{3BF4BA2E-E26F-3007-6BC3-49D43B2613F1}"
EndProject
Project("{FAE04EC0-301F-11D3-BF4B-00C04F79EFBC}") = "Unity.InternalAPIEngineBridge.001", "Unity.InternalAPIEngineBridge.001.csproj", "{68DA13B5-8475-B9B2-CE49-62011C0A3A00}"
EndProject
Project("{FAE04EC0-301F-11D3-BF4B-00C04F79EFBC}") = "Unity.2D.Aseprite.Common", "Unity.2D.Aseprite.Common.csproj", "{4923F230-CFA4-73DC-81AA-1D409B5967C5}"
EndProject
Project("{FAE04EC0-301F-11D3-BF4B-00C04F79EFBC}") = "Unity.Burst.Editor", "Unity.Burst.Editor.csproj", "{B2C77547-E1F3-8E3D-F753-51660DFF40DD}"
EndProject
Project("{FAE04EC0-301F-11D3-BF4B-00C04F79EFBC}") = "Unity.2D.Common.Editor", "Unity.2D.Common.Editor.csproj", "{F50012D5-E9B8-4057-A9E5-8B0EF1CFD2B6}"
EndProject
Project("{FAE04EC0-301F-11D3-BF4B-00C04F79EFBC}") = "Unity.RenderPipelines.Universal.2D.Internal", "Unity.RenderPipelines.Universal.2D.Internal.csproj", "{C77A6409-0B45-1AB0-3B1F-A26B1B78AEFE}"
EndProject
Project("{FAE04EC0-301F-11D3-BF4B-00C04F79EFBC}") = "Unity.2D.PixelPerfect", "Unity.2D.PixelPerfect.csproj", "{A4B2C089-46ED-6676-3D57-9E5AD4121BEA}"
EndProject
Project("{FAE04EC0-301F-11D3-BF4B-00C04F79EFBC}") = "Unity.2D.PixelPerfect.Editor", "Unity.2D.PixelPerfect.Editor.csproj", "{6D430A6C-F943-3CA3-728A-5CD0CB7A4B0D}"
EndProject
Project("{FAE04EC0-301F-11D3-BF4B-00C04F79EFBC}") = "Unity.2D.Common.Runtime", "Unity.2D.Common.Runtime.csproj", "{A2A9A56F-4C01-8349-2AD4-AB7F9D17638B}"
EndProject
Project("{FAE04EC0-301F-11D3-BF4B-00C04F79EFBC}") = "Unity.2D.Sprite.Editor", "Unity.2D.Sprite.Editor.csproj", "{DACE46B9-ABF4-210E-7C09-F66047A99AAB}"
EndProject
Project("{FAE04EC0-301F-11D3-BF4B-00C04F79EFBC}") = "Unity.Mathematics.Editor", "Unity.Mathematics.Editor.csproj", "{AD4DC849-FEC1-BF1E-97AD-758B85567207}"
EndProject
Project("{FAE04EC0-301F-11D3-BF4B-00C04F79EFBC}") = "Unity.2D.Tilemap.Extras", "Unity.2D.Tilemap.Extras.csproj", "{1B72FB65-BAB3-DBA2-0A3F-7B8F6E4E5900}"
EndProject
Project("{FAE04EC0-301F-11D3-BF4B-00C04F79EFBC}") = "Astra.DeviceIds.Runtime", "Astra.DeviceIds.Runtime.csproj", "{085BF79C-9D2F-A28D-8F5D-FA7D0F9899EB}"
EndProject
Project("{FAE04EC0-301F-11D3-BF4B-00C04F79EFBC}") = "Astra.NetworkMonitor.Runtime", "Astra.NetworkMonitor.Runtime.csproj", "{EBC598FC-0A17-3BAE-A1BA-2E3994CDECAE}"
EndProject
Project("{FAE04EC0-301F-11D3-BF4B-00C04F79EFBC}") = "Unity.ShaderGraph.Utilities", "Unity.ShaderGraph.Utilities.csproj", "{6378E804-DF5E-D71A-A7DC-4ADCA79F7921}"
EndProject
Project("{FAE04EC0-301F-11D3-BF4B-00C04F79EFBC}") = "Astra.NetworkMonitor.Editor", "Astra.NetworkMonitor.Editor.csproj", "{C8398068-1282-599D-9734-063FD75CA2D0}"
EndProject
Project("{FAE04EC0-301F-11D3-BF4B-00C04F79EFBC}") = "Unity.VisualScripting.Shared.Editor", "Unity.VisualScripting.Shared.Editor.csproj", "{5FC900FB-8426-B7F2-D7F8-8FCF6DB00C0B}"
EndProject
Project("{FAE04EC0-301F-11D3-BF4B-00C04F79EFBC}") = "Unity.Collections.DocCodeSamples", "Unity.Collections.DocCodeSamples.csproj", "{8DA8C52B-9BE1-21CA-E162-A5AF924E1228}"
EndProject
Project("{FAE04EC0-301F-11D3-BF4B-00C04F79EFBC}") = "Unity.Collections.BurstCompatibilityGen", "Unity.Collections.BurstCompatibilityGen.csproj", "{A4699EC0-D385-68F8-8497-984097DF2638}"
EndProject
Project("{FAE04EC0-301F-11D3-BF4B-00C04F79EFBC}") = "Astra.DeviceIds.Editor", "Astra.DeviceIds.Editor.csproj", "{017D538B-5D55-7863-86F7-CE3D7F2219ED}"
EndProject
Project("{FAE04EC0-301F-11D3-BF4B-00C04F79EFBC}") = "Unity.RenderPipelines.Universal.Config.Runtime", "Unity.RenderPipelines.Universal.Config.Runtime.csproj", "{6B1CEEAC-A495-9E0F-77DA-75C8BF2EA7AB}"
EndProject
Project("{FAE04EC0-301F-11D3-BF4B-00C04F79EFBC}") = "Unity.RenderPipelines.ShaderGraph.ShaderGraphLibrary", "Unity.RenderPipelines.ShaderGraph.ShaderGraphLibrary.csproj", "{4B8C3BDC-CE07-8C92-E0F8-F573F4F37668}"
EndProject
Project("{FAE04EC0-301F-11D3-BF4B-00C04F79EFBC}") = "Unity.RenderPipelines.Core.ShaderLibrary", "Unity.RenderPipelines.Core.ShaderLibrary.csproj", "{3626E9E8-9182-54BE-F78A-7FC6B3B5036E}"
EndProject
Project("{FAE04EC0-301F-11D3-BF4B-00C04F79EFBC}") = "Unity.RenderPipelines.Universal.Shaders", "Unity.RenderPipelines.Universal.Shaders.csproj", "{3E475FBD-70DA-5F42-354F-7C0AE9CC7597}"
EndProject
Global
	GlobalSection(SolutionConfigurationPlatforms) = preSolution
		Debug|Any CPU = Debug|Any CPU
		Release|Any CPU = Release|Any CPU
	EndGlobalSection
	GlobalSection(ProjectConfigurationPlatforms) = postSolution
		{FB6D20FB-7EEE-D38C-7565-BC41FBE5CAFE}.Debug|Any CPU.ActiveCfg = Debug|Any CPU
		{FB6D20FB-7EEE-D38C-7565-BC41FBE5CAFE}.Debug|Any CPU.Build.0 = Debug|Any CPU
		{FB6D20FB-7EEE-D38C-7565-BC41FBE5CAFE}.Release|Any CPU.ActiveCfg = Release|Any CPU
		{FB6D20FB-7EEE-D38C-7565-BC41FBE5CAFE}.Release|Any CPU.Build.0 = Release|Any CPU
		{DEE3ED04-A695-3F7C-A7A9-72CB63F81ED3}.Debug|Any CPU.ActiveCfg = Debug|Any CPU
		{DEE3ED04-A695-3F7C-A7A9-72CB63F81ED3}.Debug|Any CPU.Build.0 = Debug|Any CPU
		{DEE3ED04-A695-3F7C-A7A9-72CB63F81ED3}.Release|Any CPU.ActiveCfg = Release|Any CPU
		{DEE3ED04-A695-3F7C-A7A9-72CB63F81ED3}.Release|Any CPU.Build.0 = Release|Any CPU
		{9B7F3087-5D1D-C551-49F6-A8D4222A6ED2}.Debug|Any CPU.ActiveCfg = Debug|Any CPU
		{9B7F3087-5D1D-C551-49F6-A8D4222A6ED2}.Debug|Any CPU.Build.0 = Debug|Any CPU
		{9B7F3087-5D1D-C551-49F6-A8D4222A6ED2}.Release|Any CPU.ActiveCfg = Release|Any CPU
		{9B7F3087-5D1D-C551-49F6-A8D4222A6ED2}.Release|Any CPU.Build.0 = Release|Any CPU
		{5795EF85-044E-F6AE-33A3-6A56E0112864}.Debug|Any CPU.ActiveCfg = Debug|Any CPU
		{5795EF85-044E-F6AE-33A3-6A56E0112864}.Debug|Any CPU.Build.0 = Debug|Any CPU
		{5795EF85-044E-F6AE-33A3-6A56E0112864}.Release|Any CPU.ActiveCfg = Release|Any CPU
		{5795EF85-044E-F6AE-33A3-6A56E0112864}.Release|Any CPU.Build.0 = Release|Any CPU
		{38833DB0-AB3E-3258-08AC-22F3A2012D8D}.Debug|Any CPU.ActiveCfg = Debug|Any CPU
		{38833DB0-AB3E-3258-08AC-22F3A2012D8D}.Debug|Any CPU.Build.0 = Debug|Any CPU
		{38833DB0-AB3E-3258-08AC-22F3A2012D8D}.Release|Any CPU.ActiveCfg = Release|Any CPU
		{38833DB0-AB3E-3258-08AC-22F3A2012D8D}.Release|Any CPU.Build.0 = Release|Any CPU
		{11912421-7067-D8C8-D710-0261166E9BFD}.Debug|Any CPU.ActiveCfg = Debug|Any CPU
		{11912421-7067-D8C8-D710-0261166E9BFD}.Debug|Any CPU.Build.0 = Debug|Any CPU
		{11912421-7067-D8C8-D710-0261166E9BFD}.Release|Any CPU.ActiveCfg = Release|Any CPU
		{11912421-7067-D8C8-D710-0261166E9BFD}.Release|Any CPU.Build.0 = Release|Any CPU
		{E68D7963-C77E-1404-5276-2C0E117041D3}.Debug|Any CPU.ActiveCfg = Debug|Any CPU
		{E68D7963-C77E-1404-5276-2C0E117041D3}.Debug|Any CPU.Build.0 = Debug|Any CPU
		{E68D7963-C77E-1404-5276-2C0E117041D3}.Release|Any CPU.ActiveCfg = Release|Any CPU
		{E68D7963-C77E-1404-5276-2C0E117041D3}.Release|Any CPU.Build.0 = Release|Any CPU
		{645B60C6-B9BF-FFB5-7ABE-224F4DD2326A}.Debug|Any CPU.ActiveCfg = Debug|Any CPU
		{645B60C6-B9BF-FFB5-7ABE-224F4DD2326A}.Debug|Any CPU.Build.0 = Debug|Any CPU
		{645B60C6-B9BF-FFB5-7ABE-224F4DD2326A}.Release|Any CPU.ActiveCfg = Release|Any CPU
		{645B60C6-B9BF-FFB5-7ABE-224F4DD2326A}.Release|Any CPU.Build.0 = Release|Any CPU
		{B865707C-3665-5AAF-CC2B-5FD6709DA692}.Debug|Any CPU.ActiveCfg = Debug|Any CPU
		{B865707C-3665-5AAF-CC2B-5FD6709DA692}.Debug|Any CPU.Build.0 = Debug|Any CPU
		{B865707C-3665-5AAF-CC2B-5FD6709DA692}.Release|Any CPU.ActiveCfg = Release|Any CPU
		{B865707C-3665-5AAF-CC2B-5FD6709DA692}.Release|Any CPU.Build.0 = Release|Any CPU
		{F1830243-6742-3BA2-7B17-33F0B6E03528}.Debug|Any CPU.ActiveCfg = Debug|Any CPU
		{F1830243-6742-3BA2-7B17-33F0B6E03528}.Debug|Any CPU.Build.0 = Debug|Any CPU
		{F1830243-6742-3BA2-7B17-33F0B6E03528}.Release|Any CPU.ActiveCfg = Release|Any CPU
		{F1830243-6742-3BA2-7B17-33F0B6E03528}.Release|Any CPU.Build.0 = Release|Any CPU
		{EDB9E6D4-C610-0152-CEE6-F91F9EE25EC5}.Debug|Any CPU.ActiveCfg = Debug|Any CPU
		{EDB9E6D4-C610-0152-CEE6-F91F9EE25EC5}.Debug|Any CPU.Build.0 = Debug|Any CPU
		{EDB9E6D4-C610-0152-CEE6-F91F9EE25EC5}.Release|Any CPU.ActiveCfg = Release|Any CPU
		{EDB9E6D4-C610-0152-CEE6-F91F9EE25EC5}.Release|Any CPU.Build.0 = Release|Any CPU
		{A6A46BDE-DF84-47EB-D71A-1F2D7C74A60B}.Debug|Any CPU.ActiveCfg = Debug|Any CPU
		{A6A46BDE-DF84-47EB-D71A-1F2D7C74A60B}.Debug|Any CPU.Build.0 = Debug|Any CPU
		{A6A46BDE-DF84-47EB-D71A-1F2D7C74A60B}.Release|Any CPU.ActiveCfg = Release|Any CPU
		{A6A46BDE-DF84-47EB-D71A-1F2D7C74A60B}.Release|Any CPU.Build.0 = Release|Any CPU
		{F7CBAC92-5C75-53EF-176E-6035E9226B64}.Debug|Any CPU.ActiveCfg = Debug|Any CPU
		{F7CBAC92-5C75-53EF-176E-6035E9226B64}.Debug|Any CPU.Build.0 = Debug|Any CPU
		{F7CBAC92-5C75-53EF-176E-6035E9226B64}.Release|Any CPU.ActiveCfg = Release|Any CPU
		{F7CBAC92-5C75-53EF-176E-6035E9226B64}.Release|Any CPU.Build.0 = Release|Any CPU
		{01AB1BCC-89FC-677E-30DD-E3244214461F}.Debug|Any CPU.ActiveCfg = Debug|Any CPU
		{01AB1BCC-89FC-677E-30DD-E3244214461F}.Debug|Any CPU.Build.0 = Debug|Any CPU
		{01AB1BCC-89FC-677E-30DD-E3244214461F}.Release|Any CPU.ActiveCfg = Release|Any CPU
		{01AB1BCC-89FC-677E-30DD-E3244214461F}.Release|Any CPU.Build.0 = Release|Any CPU
		{B9222399-D18D-4DF2-E4C0-0E466BFF44C8}.Debug|Any CPU.ActiveCfg = Debug|Any CPU
		{B9222399-D18D-4DF2-E4C0-0E466BFF44C8}.Debug|Any CPU.Build.0 = Debug|Any CPU
		{B9222399-D18D-4DF2-E4C0-0E466BFF44C8}.Release|Any CPU.ActiveCfg = Release|Any CPU
		{B9222399-D18D-4DF2-E4C0-0E466BFF44C8}.Release|Any CPU.Build.0 = Release|Any CPU
		{5030CA39-02E7-CD00-7324-DEAC50FB1EFB}.Debug|Any CPU.ActiveCfg = Debug|Any CPU
		{5030CA39-02E7-CD00-7324-DEAC50FB1EFB}.Debug|Any CPU.Build.0 = Debug|Any CPU
		{5030CA39-02E7-CD00-7324-DEAC50FB1EFB}.Release|Any CPU.ActiveCfg = Release|Any CPU
		{5030CA39-02E7-CD00-7324-DEAC50FB1EFB}.Release|Any CPU.Build.0 = Release|Any CPU
		{FAA7161D-0205-31E5-64E6-5751C63FAF75}.Debug|Any CPU.ActiveCfg = Debug|Any CPU
		{FAA7161D-0205-31E5-64E6-5751C63FAF75}.Debug|Any CPU.Build.0 = Debug|Any CPU
		{FAA7161D-0205-31E5-64E6-5751C63FAF75}.Release|Any CPU.ActiveCfg = Release|Any CPU
		{FAA7161D-0205-31E5-64E6-5751C63FAF75}.Release|Any CPU.Build.0 = Release|Any CPU
		{1FD7309E-96C4-9B90-D862-55CCC7959DFE}.Debug|Any CPU.ActiveCfg = Debug|Any CPU
		{1FD7309E-96C4-9B90-D862-55CCC7959DFE}.Debug|Any CPU.Build.0 = Debug|Any CPU
		{1FD7309E-96C4-9B90-D862-55CCC7959DFE}.Release|Any CPU.ActiveCfg = Release|Any CPU
		{1FD7309E-96C4-9B90-D862-55CCC7959DFE}.Release|Any CPU.Build.0 = Release|Any CPU
		{286D35B2-43EE-5287-3507-68213007F7A5}.Debug|Any CPU.ActiveCfg = Debug|Any CPU
		{286D35B2-43EE-5287-3507-68213007F7A5}.Debug|Any CPU.Build.0 = Debug|Any CPU
		{286D35B2-43EE-5287-3507-68213007F7A5}.Release|Any CPU.ActiveCfg = Release|Any CPU
		{286D35B2-43EE-5287-3507-68213007F7A5}.Release|Any CPU.Build.0 = Release|Any CPU
		{EC5D0F2D-E9DC-5ECE-3D8F-CCB838053002}.Debug|Any CPU.ActiveCfg = Debug|Any CPU
		{EC5D0F2D-E9DC-5ECE-3D8F-CCB838053002}.Debug|Any CPU.Build.0 = Debug|Any CPU
		{EC5D0F2D-E9DC-5ECE-3D8F-CCB838053002}.Release|Any CPU.ActiveCfg = Release|Any CPU
		{EC5D0F2D-E9DC-5ECE-3D8F-CCB838053002}.Release|Any CPU.Build.0 = Release|Any CPU
		{8D546B0E-A66A-CD7C-E2D4-9A9CC805F216}.Debug|Any CPU.ActiveCfg = Debug|Any CPU
		{8D546B0E-A66A-CD7C-E2D4-9A9CC805F216}.Debug|Any CPU.Build.0 = Debug|Any CPU
		{8D546B0E-A66A-CD7C-E2D4-9A9CC805F216}.Release|Any CPU.ActiveCfg = Release|Any CPU
		{8D546B0E-A66A-CD7C-E2D4-9A9CC805F216}.Release|Any CPU.Build.0 = Release|Any CPU
		{7970521D-33F8-70E7-31A4-90ED6D518524}.Debug|Any CPU.ActiveCfg = Debug|Any CPU
		{7970521D-33F8-70E7-31A4-90ED6D518524}.Debug|Any CPU.Build.0 = Debug|Any CPU
		{7970521D-33F8-70E7-31A4-90ED6D518524}.Release|Any CPU.ActiveCfg = Release|Any CPU
		{7970521D-33F8-70E7-31A4-90ED6D518524}.Release|Any CPU.Build.0 = Release|Any CPU
		{B00EEB4D-8BA9-E840-0D25-420D339210B4}.Debug|Any CPU.ActiveCfg = Debug|Any CPU
		{B00EEB4D-8BA9-E840-0D25-420D339210B4}.Debug|Any CPU.Build.0 = Debug|Any CPU
		{B00EEB4D-8BA9-E840-0D25-420D339210B4}.Release|Any CPU.ActiveCfg = Release|Any CPU
		{B00EEB4D-8BA9-E840-0D25-420D339210B4}.Release|Any CPU.Build.0 = Release|Any CPU
		{852F8620-7374-6E7C-5465-23209659A262}.Debug|Any CPU.ActiveCfg = Debug|Any CPU
		{852F8620-7374-6E7C-5465-23209659A262}.Debug|Any CPU.Build.0 = Debug|Any CPU
		{852F8620-7374-6E7C-5465-23209659A262}.Release|Any CPU.ActiveCfg = Release|Any CPU
		{852F8620-7374-6E7C-5465-23209659A262}.Release|Any CPU.Build.0 = Release|Any CPU
		{EE007F60-DCAE-6751-A097-DADE4349904B}.Debug|Any CPU.ActiveCfg = Debug|Any CPU
		{EE007F60-DCAE-6751-A097-DADE4349904B}.Debug|Any CPU.Build.0 = Debug|Any CPU
		{EE007F60-DCAE-6751-A097-DADE4349904B}.Release|Any CPU.ActiveCfg = Release|Any CPU
		{EE007F60-DCAE-6751-A097-DADE4349904B}.Release|Any CPU.Build.0 = Release|Any CPU
		{94A291B0-1D17-FAFB-9FBC-C7ED10FE1B8F}.Debug|Any CPU.ActiveCfg = Debug|Any CPU
		{94A291B0-1D17-FAFB-9FBC-C7ED10FE1B8F}.Debug|Any CPU.Build.0 = Debug|Any CPU
		{94A291B0-1D17-FAFB-9FBC-C7ED10FE1B8F}.Release|Any CPU.ActiveCfg = Release|Any CPU
		{94A291B0-1D17-FAFB-9FBC-C7ED10FE1B8F}.Release|Any CPU.Build.0 = Release|Any CPU
		{57306F34-B506-0A74-32E5-447ED2B2DD5A}.Debug|Any CPU.ActiveCfg = Debug|Any CPU
		{57306F34-B506-0A74-32E5-447ED2B2DD5A}.Debug|Any CPU.Build.0 = Debug|Any CPU
		{57306F34-B506-0A74-32E5-447ED2B2DD5A}.Release|Any CPU.ActiveCfg = Release|Any CPU
		{57306F34-B506-0A74-32E5-447ED2B2DD5A}.Release|Any CPU.Build.0 = Release|Any CPU
		{4FA7709E-3FED-8E44-73C8-EB6B2912D7FF}.Debug|Any CPU.ActiveCfg = Debug|Any CPU
		{4FA7709E-3FED-8E44-73C8-EB6B2912D7FF}.Debug|Any CPU.Build.0 = Debug|Any CPU
		{4FA7709E-3FED-8E44-73C8-EB6B2912D7FF}.Release|Any CPU.ActiveCfg = Release|Any CPU
		{4FA7709E-3FED-8E44-73C8-EB6B2912D7FF}.Release|Any CPU.Build.0 = Release|Any CPU
		{B3EED7F3-861E-4E09-5F21-951F7DAEB9EE}.Debug|Any CPU.ActiveCfg = Debug|Any CPU
		{B3EED7F3-861E-4E09-5F21-951F7DAEB9EE}.Debug|Any CPU.Build.0 = Debug|Any CPU
		{B3EED7F3-861E-4E09-5F21-951F7DAEB9EE}.Release|Any CPU.ActiveCfg = Release|Any CPU
		{B3EED7F3-861E-4E09-5F21-951F7DAEB9EE}.Release|Any CPU.Build.0 = Release|Any CPU
		{88F5F6E5-DA87-B3FC-A3FE-B79B18CE979F}.Debug|Any CPU.ActiveCfg = Debug|Any CPU
		{88F5F6E5-DA87-B3FC-A3FE-B79B18CE979F}.Debug|Any CPU.Build.0 = Debug|Any CPU
		{88F5F6E5-DA87-B3FC-A3FE-B79B18CE979F}.Release|Any CPU.ActiveCfg = Release|Any CPU
		{88F5F6E5-DA87-B3FC-A3FE-B79B18CE979F}.Release|Any CPU.Build.0 = Release|Any CPU
		{B2FB5352-5890-159E-0DAB-C1A123AF8408}.Debug|Any CPU.ActiveCfg = Debug|Any CPU
		{B2FB5352-5890-159E-0DAB-C1A123AF8408}.Debug|Any CPU.Build.0 = Debug|Any CPU
		{B2FB5352-5890-159E-0DAB-C1A123AF8408}.Release|Any CPU.ActiveCfg = Release|Any CPU
		{B2FB5352-5890-159E-0DAB-C1A123AF8408}.Release|Any CPU.Build.0 = Release|Any CPU
		{E09E15F6-484C-6AFB-1B46-198D2E7518CC}.Debug|Any CPU.ActiveCfg = Debug|Any CPU
		{E09E15F6-484C-6AFB-1B46-198D2E7518CC}.Debug|Any CPU.Build.0 = Debug|Any CPU
		{E09E15F6-484C-6AFB-1B46-198D2E7518CC}.Release|Any CPU.ActiveCfg = Release|Any CPU
		{E09E15F6-484C-6AFB-1B46-198D2E7518CC}.Release|Any CPU.Build.0 = Release|Any CPU
		{FE1DCBF5-F18E-C9ED-D44F-66343934C712}.Debug|Any CPU.ActiveCfg = Debug|Any CPU
		{FE1DCBF5-F18E-C9ED-D44F-66343934C712}.Debug|Any CPU.Build.0 = Debug|Any CPU
		{FE1DCBF5-F18E-C9ED-D44F-66343934C712}.Release|Any CPU.ActiveCfg = Release|Any CPU
		{FE1DCBF5-F18E-C9ED-D44F-66343934C712}.Release|Any CPU.Build.0 = Release|Any CPU
		{E1A5444C-A489-B7F1-A99E-30461F2818D9}.Debug|Any CPU.ActiveCfg = Debug|Any CPU
		{E1A5444C-A489-B7F1-A99E-30461F2818D9}.Debug|Any CPU.Build.0 = Debug|Any CPU
		{E1A5444C-A489-B7F1-A99E-30461F2818D9}.Release|Any CPU.ActiveCfg = Release|Any CPU
		{E1A5444C-A489-B7F1-A99E-30461F2818D9}.Release|Any CPU.Build.0 = Release|Any CPU
		{1233BE74-B73C-8B1E-2F3B-9E58DCD9904A}.Debug|Any CPU.ActiveCfg = Debug|Any CPU
		{1233BE74-B73C-8B1E-2F3B-9E58DCD9904A}.Debug|Any CPU.Build.0 = Debug|Any CPU
		{1233BE74-B73C-8B1E-2F3B-9E58DCD9904A}.Release|Any CPU.ActiveCfg = Release|Any CPU
		{1233BE74-B73C-8B1E-2F3B-9E58DCD9904A}.Release|Any CPU.Build.0 = Release|Any CPU
		{18AE8C31-B5D0-0FBD-9B56-47071EB5222A}.Debug|Any CPU.ActiveCfg = Debug|Any CPU
		{18AE8C31-B5D0-0FBD-9B56-47071EB5222A}.Debug|Any CPU.Build.0 = Debug|Any CPU
		{18AE8C31-B5D0-0FBD-9B56-47071EB5222A}.Release|Any CPU.ActiveCfg = Release|Any CPU
		{18AE8C31-B5D0-0FBD-9B56-47071EB5222A}.Release|Any CPU.Build.0 = Release|Any CPU
		{5DEE2234-518E-53E6-1558-DB6B63BC7256}.Debug|Any CPU.ActiveCfg = Debug|Any CPU
		{5DEE2234-518E-53E6-1558-DB6B63BC7256}.Debug|Any CPU.Build.0 = Debug|Any CPU
		{5DEE2234-518E-53E6-1558-DB6B63BC7256}.Release|Any CPU.ActiveCfg = Release|Any CPU
		{5DEE2234-518E-53E6-1558-DB6B63BC7256}.Release|Any CPU.Build.0 = Release|Any CPU
		{EC9EBF17-F123-0D29-3227-70B7B5AA7153}.Debug|Any CPU.ActiveCfg = Debug|Any CPU
		{EC9EBF17-F123-0D29-3227-70B7B5AA7153}.Debug|Any CPU.Build.0 = Debug|Any CPU
		{EC9EBF17-F123-0D29-3227-70B7B5AA7153}.Release|Any CPU.ActiveCfg = Release|Any CPU
		{EC9EBF17-F123-0D29-3227-70B7B5AA7153}.Release|Any CPU.Build.0 = Release|Any CPU
		{BAF64C02-700D-9409-1499-B37F5182C92F}.Debug|Any CPU.ActiveCfg = Debug|Any CPU
		{BAF64C02-700D-9409-1499-B37F5182C92F}.Debug|Any CPU.Build.0 = Debug|Any CPU
		{BAF64C02-700D-9409-1499-B37F5182C92F}.Release|Any CPU.ActiveCfg = Release|Any CPU
		{BAF64C02-700D-9409-1499-B37F5182C92F}.Release|Any CPU.Build.0 = Release|Any CPU
		{77B46F73-2876-2853-A746-55BBFD99AA7C}.Debug|Any CPU.ActiveCfg = Debug|Any CPU
		{77B46F73-2876-2853-A746-55BBFD99AA7C}.Debug|Any CPU.Build.0 = Debug|Any CPU
		{77B46F73-2876-2853-A746-55BBFD99AA7C}.Release|Any CPU.ActiveCfg = Release|Any CPU
		{77B46F73-2876-2853-A746-55BBFD99AA7C}.Release|Any CPU.Build.0 = Release|Any CPU
		{CB0931A9-61EC-E866-75A4-C78885C11E5C}.Debug|Any CPU.ActiveCfg = Debug|Any CPU
		{CB0931A9-61EC-E866-75A4-C78885C11E5C}.Debug|Any CPU.Build.0 = Debug|Any CPU
		{CB0931A9-61EC-E866-75A4-C78885C11E5C}.Release|Any CPU.ActiveCfg = Release|Any CPU
		{CB0931A9-61EC-E866-75A4-C78885C11E5C}.Release|Any CPU.Build.0 = Release|Any CPU
		{F17233D1-D536-99BB-2240-3F4CEA10A046}.Debug|Any CPU.ActiveCfg = Debug|Any CPU
		{F17233D1-D536-99BB-2240-3F4CEA10A046}.Debug|Any CPU.Build.0 = Debug|Any CPU
		{F17233D1-D536-99BB-2240-3F4CEA10A046}.Release|Any CPU.ActiveCfg = Release|Any CPU
		{F17233D1-D536-99BB-2240-3F4CEA10A046}.Release|Any CPU.Build.0 = Release|Any CPU
		{C3FE8766-0917-894F-B6F1-7C20B3377DE3}.Debug|Any CPU.ActiveCfg = Debug|Any CPU
		{C3FE8766-0917-894F-B6F1-7C20B3377DE3}.Debug|Any CPU.Build.0 = Debug|Any CPU
		{C3FE8766-0917-894F-B6F1-7C20B3377DE3}.Release|Any CPU.ActiveCfg = Release|Any CPU
		{C3FE8766-0917-894F-B6F1-7C20B3377DE3}.Release|Any CPU.Build.0 = Release|Any CPU
		{240CAA12-F7DE-FDF0-FF8D-85430BAB319D}.Debug|Any CPU.ActiveCfg = Debug|Any CPU
		{240CAA12-F7DE-FDF0-FF8D-85430BAB319D}.Debug|Any CPU.Build.0 = Debug|Any CPU
		{240CAA12-F7DE-FDF0-FF8D-85430BAB319D}.Release|Any CPU.ActiveCfg = Release|Any CPU
		{240CAA12-F7DE-FDF0-FF8D-85430BAB319D}.Release|Any CPU.Build.0 = Release|Any CPU
		{3BF4BA2E-E26F-3007-6BC3-49D43B2613F1}.Debug|Any CPU.ActiveCfg = Debug|Any CPU
		{3BF4BA2E-E26F-3007-6BC3-49D43B2613F1}.Debug|Any CPU.Build.0 = Debug|Any CPU
		{3BF4BA2E-E26F-3007-6BC3-49D43B2613F1}.Release|Any CPU.ActiveCfg = Release|Any CPU
		{3BF4BA2E-E26F-3007-6BC3-49D43B2613F1}.Release|Any CPU.Build.0 = Release|Any CPU
		{68DA13B5-8475-B9B2-CE49-62011C0A3A00}.Debug|Any CPU.ActiveCfg = Debug|Any CPU
		{68DA13B5-8475-B9B2-CE49-62011C0A3A00}.Debug|Any CPU.Build.0 = Debug|Any CPU
		{68DA13B5-8475-B9B2-CE49-62011C0A3A00}.Release|Any CPU.ActiveCfg = Release|Any CPU
		{68DA13B5-8475-B9B2-CE49-62011C0A3A00}.Release|Any CPU.Build.0 = Release|Any CPU
		{4923F230-CFA4-73DC-81AA-1D409B5967C5}.Debug|Any CPU.ActiveCfg = Debug|Any CPU
		{4923F230-CFA4-73DC-81AA-1D409B5967C5}.Debug|Any CPU.Build.0 = Debug|Any CPU
		{4923F230-CFA4-73DC-81AA-1D409B5967C5}.Release|Any CPU.ActiveCfg = Release|Any CPU
		{4923F230-CFA4-73DC-81AA-1D409B5967C5}.Release|Any CPU.Build.0 = Release|Any CPU
		{B2C77547-E1F3-8E3D-F753-51660DFF40DD}.Debug|Any CPU.ActiveCfg = Debug|Any CPU
		{B2C77547-E1F3-8E3D-F753-51660DFF40DD}.Debug|Any CPU.Build.0 = Debug|Any CPU
		{B2C77547-E1F3-8E3D-F753-51660DFF40DD}.Release|Any CPU.ActiveCfg = Release|Any CPU
		{B2C77547-E1F3-8E3D-F753-51660DFF40DD}.Release|Any CPU.Build.0 = Release|Any CPU
		{F50012D5-E9B8-4057-A9E5-8B0EF1CFD2B6}.Debug|Any CPU.ActiveCfg = Debug|Any CPU
		{F50012D5-E9B8-4057-A9E5-8B0EF1CFD2B6}.Debug|Any CPU.Build.0 = Debug|Any CPU
		{F50012D5-E9B8-4057-A9E5-8B0EF1CFD2B6}.Release|Any CPU.ActiveCfg = Release|Any CPU
		{F50012D5-E9B8-4057-A9E5-8B0EF1CFD2B6}.Release|Any CPU.Build.0 = Release|Any CPU
		{C77A6409-0B45-1AB0-3B1F-A26B1B78AEFE}.Debug|Any CPU.ActiveCfg = Debug|Any CPU
		{C77A6409-0B45-1AB0-3B1F-A26B1B78AEFE}.Debug|Any CPU.Build.0 = Debug|Any CPU
		{C77A6409-0B45-1AB0-3B1F-A26B1B78AEFE}.Release|Any CPU.ActiveCfg = Release|Any CPU
		{C77A6409-0B45-1AB0-3B1F-A26B1B78AEFE}.Release|Any CPU.Build.0 = Release|Any CPU
		{A4B2C089-46ED-6676-3D57-9E5AD4121BEA}.Debug|Any CPU.ActiveCfg = Debug|Any CPU
		{A4B2C089-46ED-6676-3D57-9E5AD4121BEA}.Debug|Any CPU.Build.0 = Debug|Any CPU
		{A4B2C089-46ED-6676-3D57-9E5AD4121BEA}.Release|Any CPU.ActiveCfg = Release|Any CPU
		{A4B2C089-46ED-6676-3D57-9E5AD4121BEA}.Release|Any CPU.Build.0 = Release|Any CPU
		{6D430A6C-F943-3CA3-728A-5CD0CB7A4B0D}.Debug|Any CPU.ActiveCfg = Debug|Any CPU
		{6D430A6C-F943-3CA3-728A-5CD0CB7A4B0D}.Debug|Any CPU.Build.0 = Debug|Any CPU
		{6D430A6C-F943-3CA3-728A-5CD0CB7A4B0D}.Release|Any CPU.ActiveCfg = Release|Any CPU
		{6D430A6C-F943-3CA3-728A-5CD0CB7A4B0D}.Release|Any CPU.Build.0 = Release|Any CPU
		{A2A9A56F-4C01-8349-2AD4-AB7F9D17638B}.Debug|Any CPU.ActiveCfg = Debug|Any CPU
		{A2A9A56F-4C01-8349-2AD4-AB7F9D17638B}.Debug|Any CPU.Build.0 = Debug|Any CPU
		{A2A9A56F-4C01-8349-2AD4-AB7F9D17638B}.Release|Any CPU.ActiveCfg = Release|Any CPU
		{A2A9A56F-4C01-8349-2AD4-AB7F9D17638B}.Release|Any CPU.Build.0 = Release|Any CPU
		{DACE46B9-ABF4-210E-7C09-F66047A99AAB}.Debug|Any CPU.ActiveCfg = Debug|Any CPU
		{DACE46B9-ABF4-210E-7C09-F66047A99AAB}.Debug|Any CPU.Build.0 = Debug|Any CPU
		{DACE46B9-ABF4-210E-7C09-F66047A99AAB}.Release|Any CPU.ActiveCfg = Release|Any CPU
		{DACE46B9-ABF4-210E-7C09-F66047A99AAB}.Release|Any CPU.Build.0 = Release|Any CPU
		{AD4DC849-FEC1-BF1E-97AD-758B85567207}.Debug|Any CPU.ActiveCfg = Debug|Any CPU
		{AD4DC849-FEC1-BF1E-97AD-758B85567207}.Debug|Any CPU.Build.0 = Debug|Any CPU
		{AD4DC849-FEC1-BF1E-97AD-758B85567207}.Release|Any CPU.ActiveCfg = Release|Any CPU
		{AD4DC849-FEC1-BF1E-97AD-758B85567207}.Release|Any CPU.Build.0 = Release|Any CPU
		{1B72FB65-BAB3-DBA2-0A3F-7B8F6E4E5900}.Debug|Any CPU.ActiveCfg = Debug|Any CPU
		{1B72FB65-BAB3-DBA2-0A3F-7B8F6E4E5900}.Debug|Any CPU.Build.0 = Debug|Any CPU
		{1B72FB65-BAB3-DBA2-0A3F-7B8F6E4E5900}.Release|Any CPU.ActiveCfg = Release|Any CPU
		{1B72FB65-BAB3-DBA2-0A3F-7B8F6E4E5900}.Release|Any CPU.Build.0 = Release|Any CPU
		{085BF79C-9D2F-A28D-8F5D-FA7D0F9899EB}.Debug|Any CPU.ActiveCfg = Debug|Any CPU
		{085BF79C-9D2F-A28D-8F5D-FA7D0F9899EB}.Debug|Any CPU.Build.0 = Debug|Any CPU
		{085BF79C-9D2F-A28D-8F5D-FA7D0F9899EB}.Release|Any CPU.ActiveCfg = Release|Any CPU
		{085BF79C-9D2F-A28D-8F5D-FA7D0F9899EB}.Release|Any CPU.Build.0 = Release|Any CPU
		{EBC598FC-0A17-3BAE-A1BA-2E3994CDECAE}.Debug|Any CPU.ActiveCfg = Debug|Any CPU
		{EBC598FC-0A17-3BAE-A1BA-2E3994CDECAE}.Debug|Any CPU.Build.0 = Debug|Any CPU
		{EBC598FC-0A17-3BAE-A1BA-2E3994CDECAE}.Release|Any CPU.ActiveCfg = Release|Any CPU
		{EBC598FC-0A17-3BAE-A1BA-2E3994CDECAE}.Release|Any CPU.Build.0 = Release|Any CPU
		{6378E804-DF5E-D71A-A7DC-4ADCA79F7921}.Debug|Any CPU.ActiveCfg = Debug|Any CPU
		{6378E804-DF5E-D71A-A7DC-4ADCA79F7921}.Debug|Any CPU.Build.0 = Debug|Any CPU
		{6378E804-DF5E-D71A-A7DC-4ADCA79F7921}.Release|Any CPU.ActiveCfg = Release|Any CPU
		{6378E804-DF5E-D71A-A7DC-4ADCA79F7921}.Release|Any CPU.Build.0 = Release|Any CPU
		{C8398068-1282-599D-9734-063FD75CA2D0}.Debug|Any CPU.ActiveCfg = Debug|Any CPU
		{C8398068-1282-599D-9734-063FD75CA2D0}.Debug|Any CPU.Build.0 = Debug|Any CPU
		{C8398068-1282-599D-9734-063FD75CA2D0}.Release|Any CPU.ActiveCfg = Release|Any CPU
		{C8398068-1282-599D-9734-063FD75CA2D0}.Release|Any CPU.Build.0 = Release|Any CPU
		{5FC900FB-8426-B7F2-D7F8-8FCF6DB00C0B}.Debug|Any CPU.ActiveCfg = Debug|Any CPU
		{5FC900FB-8426-B7F2-D7F8-8FCF6DB00C0B}.Debug|Any CPU.Build.0 = Debug|Any CPU
		{5FC900FB-8426-B7F2-D7F8-8FCF6DB00C0B}.Release|Any CPU.ActiveCfg = Release|Any CPU
		{5FC900FB-8426-B7F2-D7F8-8FCF6DB00C0B}.Release|Any CPU.Build.0 = Release|Any CPU
		{8DA8C52B-9BE1-21CA-E162-A5AF924E1228}.Debug|Any CPU.ActiveCfg = Debug|Any CPU
		{8DA8C52B-9BE1-21CA-E162-A5AF924E1228}.Debug|Any CPU.Build.0 = Debug|Any CPU
		{8DA8C52B-9BE1-21CA-E162-A5AF924E1228}.Release|Any CPU.ActiveCfg = Release|Any CPU
		{8DA8C52B-9BE1-21CA-E162-A5AF924E1228}.Release|Any CPU.Build.0 = Release|Any CPU
		{A4699EC0-D385-68F8-8497-984097DF2638}.Debug|Any CPU.ActiveCfg = Debug|Any CPU
		{A4699EC0-D385-68F8-8497-984097DF2638}.Debug|Any CPU.Build.0 = Debug|Any CPU
		{A4699EC0-D385-68F8-8497-984097DF2638}.Release|Any CPU.ActiveCfg = Release|Any CPU
		{A4699EC0-D385-68F8-8497-984097DF2638}.Release|Any CPU.Build.0 = Release|Any CPU
		{017D538B-5D55-7863-86F7-CE3D7F2219ED}.Debug|Any CPU.ActiveCfg = Debug|Any CPU
		{017D538B-5D55-7863-86F7-CE3D7F2219ED}.Debug|Any CPU.Build.0 = Debug|Any CPU
		{017D538B-5D55-7863-86F7-CE3D7F2219ED}.Release|Any CPU.ActiveCfg = Release|Any CPU
		{017D538B-5D55-7863-86F7-CE3D7F2219ED}.Release|Any CPU.Build.0 = Release|Any CPU
		{6B1CEEAC-A495-9E0F-77DA-75C8BF2EA7AB}.Debug|Any CPU.ActiveCfg = Debug|Any CPU
		{6B1CEEAC-A495-9E0F-77DA-75C8BF2EA7AB}.Debug|Any CPU.Build.0 = Debug|Any CPU
		{6B1CEEAC-A495-9E0F-77DA-75C8BF2EA7AB}.Release|Any CPU.ActiveCfg = Release|Any CPU
		{6B1CEEAC-A495-9E0F-77DA-75C8BF2EA7AB}.Release|Any CPU.Build.0 = Release|Any CPU
		{4B8C3BDC-CE07-8C92-E0F8-F573F4F37668}.Debug|Any CPU.ActiveCfg = Debug|Any CPU
		{4B8C3BDC-CE07-8C92-E0F8-F573F4F37668}.Debug|Any CPU.Build.0 = Debug|Any CPU
		{4B8C3BDC-CE07-8C92-E0F8-F573F4F37668}.Release|Any CPU.ActiveCfg = Release|Any CPU
		{4B8C3BDC-CE07-8C92-E0F8-F573F4F37668}.Release|Any CPU.Build.0 = Release|Any CPU
		{3626E9E8-9182-54BE-F78A-7FC6B3B5036E}.Debug|Any CPU.ActiveCfg = Debug|Any CPU
		{3626E9E8-9182-54BE-F78A-7FC6B3B5036E}.Debug|Any CPU.Build.0 = Debug|Any CPU
		{3626E9E8-9182-54BE-F78A-7FC6B3B5036E}.Release|Any CPU.ActiveCfg = Release|Any CPU
		{3626E9E8-9182-54BE-F78A-7FC6B3B5036E}.Release|Any CPU.Build.0 = Release|Any CPU
		{3E475FBD-70DA-5F42-354F-7C0AE9CC7597}.Debug|Any CPU.ActiveCfg = Debug|Any CPU
		{3E475FBD-70DA-5F42-354F-7C0AE9CC7597}.Debug|Any CPU.Build.0 = Debug|Any CPU
		{3E475FBD-70DA-5F42-354F-7C0AE9CC7597}.Release|Any CPU.ActiveCfg = Release|Any CPU
		{3E475FBD-70DA-5F42-354F-7C0AE9CC7597}.Release|Any CPU.Build.0 = Release|Any CPU
	EndGlobalSection
	GlobalSection(SolutionProperties) = preSolution
		HideSolutionNode = FALSE
	EndGlobalSection
EndGlobal
